
Microsoft Visual Studio Solution File, Format Version 12.00
# Visual Studio Version 16
VisualStudioVersion = 16.0.29728.190
MinimumVisualStudioVersion = 10.0.40219.1
Project("{C7167F0D-BC9F-4E6E-AFE1-012C56B48DB5}") = "NavigationPane.Packaging", "NavigationPane.Packaging\NavigationPane.Packaging.wapproj", "{23C4183C-8CF1-46AC-A6AD-9FC57B5AD5CA}"
EndProject
Project("{9A19103F-16F7-4668-BE54-9A1E7A4F7556}") = "NavigationPane", "NavigationPane\NavigationPane.csproj", "{2CEBB50A-95CB-4602-977E-BA31EC891C93}"
EndProject
Project("{9A19103F-16F7-4668-BE54-9A1E7A4F7556}") = "NavigationPane.Core", "NavigationPane.Core\NavigationPane.Core.csproj", "{1C3C7B03-4194-4F2C-9CC2-E2C70B106096}"
EndProject
Global
	GlobalSection(SolutionConfigurationPlatforms) = preSolution
		Debug|Any CPU = Debug|Any CPU
		Debug|ARM = Debug|ARM
		Debug|ARM64 = Debug|ARM64
		Debug|x64 = Debug|x64
		Debug|x86 = Debug|x86
		Release|Any CPU = Release|Any CPU
		Release|ARM = Release|ARM
		Release|ARM64 = Release|ARM64
		Release|x64 = Release|x64
		Release|x86 = Release|x86
	EndGlobalSection
	GlobalSection(ProjectConfigurationPlatforms) = postSolution
		{23C4183C-8CF1-46AC-A6AD-9FC57B5AD5CA}.Debug|Any CPU.ActiveCfg = Debug|Any CPU
		{23C4183C-8CF1-46AC-A6AD-9FC57B5AD5CA}.Debug|Any CPU.Build.0 = Debug|Any CPU
		{23C4183C-8CF1-46AC-A6AD-9FC57B5AD5CA}.Debug|Any CPU.Deploy.0 = Debug|Any CPU
		{23C4183C-8CF1-46AC-A6AD-9FC57B5AD5CA}.Debug|ARM.ActiveCfg = Debug|ARM
		{23C4183C-8CF1-46AC-A6AD-9FC57B5AD5CA}.Debug|ARM.Build.0 = Debug|ARM
		{23C4183C-8CF1-46AC-A6AD-9FC57B5AD5CA}.Debug|ARM.Deploy.0 = Debug|ARM
		{23C4183C-8CF1-46AC-A6AD-9FC57B5AD5CA}.Debug|ARM64.ActiveCfg = Debug|ARM64
		{23C4183C-8CF1-46AC-A6AD-9FC57B5AD5CA}.Debug|ARM64.Build.0 = Debug|ARM64
		{23C4183C-8CF1-46AC-A6AD-9FC57B5AD5CA}.Debug|ARM64.Deploy.0 = Debug|ARM64
		{23C4183C-8CF1-46AC-A6AD-9FC57B5AD5CA}.Debug|x64.ActiveCfg = Debug|x64
		{23C4183C-8CF1-46AC-A6AD-9FC57B5AD5CA}.Debug|x64.Build.0 = Debug|x64
		{23C4183C-8CF1-46AC-A6AD-9FC57B5AD5CA}.Debug|x64.Deploy.0 = Debug|x64
		{23C4183C-8CF1-46AC-A6AD-9FC57B5AD5CA}.Debug|x86.ActiveCfg = Debug|x86
		{23C4183C-8CF1-46AC-A6AD-9FC57B5AD5CA}.Debug|x86.Build.0 = Debug|x86
		{23C4183C-8CF1-46AC-A6AD-9FC57B5AD5CA}.Debug|x86.Deploy.0 = Debug|x86
		{23C4183C-8CF1-46AC-A6AD-9FC57B5AD5CA}.Release|Any CPU.ActiveCfg = Release|Any CPU
		{23C4183C-8CF1-46AC-A6AD-9FC57B5AD5CA}.Release|Any CPU.Build.0 = Release|Any CPU
		{23C4183C-8CF1-46AC-A6AD-9FC57B5AD5CA}.Release|Any CPU.Deploy.0 = Release|Any CPU
		{23C4183C-8CF1-46AC-A6AD-9FC57B5AD5CA}.Release|ARM.ActiveCfg = Release|ARM
		{23C4183C-8CF1-46AC-A6AD-9FC57B5AD5CA}.Release|ARM.Build.0 = Release|ARM
		{23C4183C-8CF1-46AC-A6AD-9FC57B5AD5CA}.Release|ARM.Deploy.0 = Release|ARM
		{23C4183C-8CF1-46AC-A6AD-9FC57B5AD5CA}.Release|ARM64.ActiveCfg = Release|ARM64
		{23C4183C-8CF1-46AC-A6AD-9FC57B5AD5CA}.Release|ARM64.Build.0 = Release|ARM64
		{23C4183C-8CF1-46AC-A6AD-9FC57B5AD5CA}.Release|ARM64.Deploy.0 = Release|ARM64
		{23C4183C-8CF1-46AC-A6AD-9FC57B5AD5CA}.Release|x64.ActiveCfg = Release|x64
		{23C4183C-8CF1-46AC-A6AD-9FC57B5AD5CA}.Release|x64.Build.0 = Release|x64
		{23C4183C-8CF1-46AC-A6AD-9FC57B5AD5CA}.Release|x64.Deploy.0 = Release|x64
		{23C4183C-8CF1-46AC-A6AD-9FC57B5AD5CA}.Release|x86.ActiveCfg = Release|x86
		{23C4183C-8CF1-46AC-A6AD-9FC57B5AD5CA}.Release|x86.Build.0 = Release|x86
		{23C4183C-8CF1-46AC-A6AD-9FC57B5AD5CA}.Release|x86.Deploy.0 = Release|x86
		{2CEBB50A-95CB-4602-977E-BA31EC891C93}.Debug|Any CPU.ActiveCfg = Debug|Any CPU
		{2CEBB50A-95CB-4602-977E-BA31EC891C93}.Debug|Any CPU.Build.0 = Debug|Any CPU
		{2CEBB50A-95CB-4602-977E-BA31EC891C93}.Debug|ARM.ActiveCfg = Debug|Any CPU
		{2CEBB50A-95CB-4602-977E-BA31EC891C93}.Debug|ARM.Build.0 = Debug|Any CPU
		{2CEBB50A-95CB-4602-977E-BA31EC891C93}.Debug|ARM64.ActiveCfg = Debug|Any CPU
		{2CEBB50A-95CB-4602-977E-BA31EC891C93}.Debug|ARM64.Build.0 = Debug|Any CPU
		{2CEBB50A-95CB-4602-977E-BA31EC891C93}.Debug|x64.ActiveCfg = Debug|Any CPU
		{2CEBB50A-95CB-4602-977E-BA31EC891C93}.Debug|x64.Build.0 = Debug|Any CPU
		{2CEBB50A-95CB-4602-977E-BA31EC891C93}.Debug|x86.ActiveCfg = Debug|Any CPU
		{2CEBB50A-95CB-4602-977E-BA31EC891C93}.Debug|x86.Build.0 = Debug|Any CPU
		{2CEBB50A-95CB-4602-977E-BA31EC891C93}.Release|Any CPU.ActiveCfg = Release|Any CPU
		{2CEBB50A-95CB-4602-977E-BA31EC891C93}.Release|Any CPU.Build.0 = Release|Any CPU
		{2CEBB50A-95CB-4602-977E-BA31EC891C93}.Release|ARM.ActiveCfg = Release|Any CPU
		{2CEBB50A-95CB-4602-977E-BA31EC891C93}.Release|ARM.Build.0 = Release|Any CPU
		{2CEBB50A-95CB-4602-977E-BA31EC891C93}.Release|ARM64.ActiveCfg = Release|Any CPU
		{2CEBB50A-95CB-4602-977E-BA31EC891C93}.Release|ARM64.Build.0 = Release|Any CPU
		{2CEBB50A-95CB-4602-977E-BA31EC891C93}.Release|x64.ActiveCfg = Release|Any CPU
		{2CEBB50A-95CB-4602-977E-BA31EC891C93}.Release|x64.Build.0 = Release|Any CPU
		{2CEBB50A-95CB-4602-977E-BA31EC891C93}.Release|x86.ActiveCfg = Release|Any CPU
		{2CEBB50A-95CB-4602-977E-BA31EC891C93}.Release|x86.Build.0 = Release|Any CPU
		{1C3C7B03-4194-4F2C-9CC2-E2C70B106096}.Debug|Any CPU.ActiveCfg = Debug|Any CPU
		{1C3C7B03-4194-4F2C-9CC2-E2C70B106096}.Debug|Any CPU.Build.0 = Debug|Any CPU
		{1C3C7B03-4194-4F2C-9CC2-E2C70B106096}.Debug|ARM.ActiveCfg = Debug|Any CPU
		{1C3C7B03-4194-4F2C-9CC2-E2C70B106096}.Debug|ARM.Build.0 = Debug|Any CPU
		{1C3C7B03-4194-4F2C-9CC2-E2C70B106096}.Debug|ARM64.ActiveCfg = Debug|Any CPU
		{1C3C7B03-4194-4F2C-9CC2-E2C70B106096}.Debug|ARM64.Build.0 = Debug|Any CPU
		{1C3C7B03-4194-4F2C-9CC2-E2C70B106096}.Debug|x64.ActiveCfg = Debug|Any CPU
		{1C3C7B03-4194-4F2C-9CC2-E2C70B106096}.Debug|x64.Build.0 = Debug|Any CPU
		{1C3C7B03-4194-4F2C-9CC2-E2C70B106096}.Debug|x86.ActiveCfg = Debug|Any CPU
		{1C3C7B03-4194-4F2C-9CC2-E2C70B106096}.Debug|x86.Build.0 = Debug|Any CPU
		{1C3C7B03-4194-4F2C-9CC2-E2C70B106096}.Release|Any CPU.ActiveCfg = Release|Any CPU
		{1C3C7B03-4194-4F2C-9CC2-E2C70B106096}.Release|Any CPU.Build.0 = Release|Any CPU
		{1C3C7B03-4194-4F2C-9CC2-E2C70B106096}.Release|ARM.ActiveCfg = Release|Any CPU
		{1C3C7B03-4194-4F2C-9CC2-E2C70B106096}.Release|ARM.Build.0 = Release|Any CPU
		{1C3C7B03-4194-4F2C-9CC2-E2C70B106096}.Release|ARM64.ActiveCfg = Release|Any CPU
		{1C3C7B03-4194-4F2C-9CC2-E2C70B106096}.Release|ARM64.Build.0 = Release|Any CPU
		{1C3C7B03-4194-4F2C-9CC2-E2C70B106096}.Release|x64.ActiveCfg = Release|Any CPU
		{1C3C7B03-4194-4F2C-9CC2-E2C70B106096}.Release|x64.Build.0 = Release|Any CPU
		{1C3C7B03-4194-4F2C-9CC2-E2C70B106096}.Release|x86.ActiveCfg = Release|Any CPU
		{1C3C7B03-4194-4F2C-9CC2-E2C70B106096}.Release|x86.Build.0 = Release|Any CPU
	EndGlobalSection
	GlobalSection(SolutionProperties) = preSolution
		HideSolutionNode = FALSE
	EndGlobalSection
	GlobalSection(ExtensibilityGlobals) = postSolution
		SolutionGuid = {8F7F2D41-A179-4D2F-8012-50553FA1E0E2}
	EndGlobalSection
EndGlobal
