
Microsoft Visual Studio Solution File, Format Version 12.00
# Visual Studio Version 16
VisualStudioVersion = 16.0.29503.13
MinimumVisualStudioVersion = 10.0.40219.1
Project("{C7167F0D-BC9F-4E6E-AFE1-012C56B48DB5}") = "RibbonApp.Packaging", "RibbonApp.Packaging\RibbonApp.Packaging.wapproj", "{298908FB-CB93-4DFD-9C01-1B464DAB4B3B}"
EndProject
Project("{9A19103F-16F7-4668-BE54-9A1E7A4F7556}") = "RibbonApp", "RibbonApp\RibbonApp.csproj", "{A1AE0FB1-A679-435B-BC33-CE618783485D}"
EndProject
Project("{9A19103F-16F7-4668-BE54-9A1E7A4F7556}") = "RibbonApp.Core", "RibbonApp.Core\RibbonApp.Core.csproj", "{6AE6DB3D-0D69-4893-98F9-C7DE8D4CBA97}"
EndProject
Global
	GlobalSection(SolutionConfigurationPlatforms) = preSolution
		Debug|Any CPU = Debug|Any CPU
		Debug|ARM = Debug|ARM
		Debug|ARM64 = Debug|ARM64
		Debug|x64 = Debug|x64
		Debug|x86 = Debug|x86
		Release|Any CPU = Release|Any CPU
		Release|ARM = Release|ARM
		Release|ARM64 = Release|ARM64
		Release|x64 = Release|x64
		Release|x86 = Release|x86
	EndGlobalSection
	GlobalSection(ProjectConfigurationPlatforms) = postSolution
		{298908FB-CB93-4DFD-9C01-1B464DAB4B3B}.Debug|Any CPU.ActiveCfg = Debug|Any CPU
		{298908FB-CB93-4DFD-9C01-1B464DAB4B3B}.Debug|Any CPU.Build.0 = Debug|Any CPU
		{298908FB-CB93-4DFD-9C01-1B464DAB4B3B}.Debug|Any CPU.Deploy.0 = Debug|Any CPU
		{298908FB-CB93-4DFD-9C01-1B464DAB4B3B}.Debug|ARM.ActiveCfg = Debug|ARM
		{298908FB-CB93-4DFD-9C01-1B464DAB4B3B}.Debug|ARM.Build.0 = Debug|ARM
		{298908FB-CB93-4DFD-9C01-1B464DAB4B3B}.Debug|ARM.Deploy.0 = Debug|ARM
		{298908FB-CB93-4DFD-9C01-1B464DAB4B3B}.Debug|ARM64.ActiveCfg = Debug|ARM64
		{298908FB-CB93-4DFD-9C01-1B464DAB4B3B}.Debug|ARM64.Build.0 = Debug|ARM64
		{298908FB-CB93-4DFD-9C01-1B464DAB4B3B}.Debug|ARM64.Deploy.0 = Debug|ARM64
		{298908FB-CB93-4DFD-9C01-1B464DAB4B3B}.Debug|x64.ActiveCfg = Debug|x64
		{298908FB-CB93-4DFD-9C01-1B464DAB4B3B}.Debug|x64.Build.0 = Debug|x64
		{298908FB-CB93-4DFD-9C01-1B464DAB4B3B}.Debug|x64.Deploy.0 = Debug|x64
		{298908FB-CB93-4DFD-9C01-1B464DAB4B3B}.Debug|x86.ActiveCfg = Debug|x86
		{298908FB-CB93-4DFD-9C01-1B464DAB4B3B}.Debug|x86.Build.0 = Debug|x86
		{298908FB-CB93-4DFD-9C01-1B464DAB4B3B}.Debug|x86.Deploy.0 = Debug|x86
		{298908FB-CB93-4DFD-9C01-1B464DAB4B3B}.Release|Any CPU.ActiveCfg = Release|Any CPU
		{298908FB-CB93-4DFD-9C01-1B464DAB4B3B}.Release|Any CPU.Build.0 = Release|Any CPU
		{298908FB-CB93-4DFD-9C01-1B464DAB4B3B}.Release|Any CPU.Deploy.0 = Release|Any CPU
		{298908FB-CB93-4DFD-9C01-1B464DAB4B3B}.Release|ARM.ActiveCfg = Release|ARM
		{298908FB-CB93-4DFD-9C01-1B464DAB4B3B}.Release|ARM.Build.0 = Release|ARM
		{298908FB-CB93-4DFD-9C01-1B464DAB4B3B}.Release|ARM.Deploy.0 = Release|ARM
		{298908FB-CB93-4DFD-9C01-1B464DAB4B3B}.Release|ARM64.ActiveCfg = Release|ARM64
		{298908FB-CB93-4DFD-9C01-1B464DAB4B3B}.Release|ARM64.Build.0 = Release|ARM64
		{298908FB-CB93-4DFD-9C01-1B464DAB4B3B}.Release|ARM64.Deploy.0 = Release|ARM64
		{298908FB-CB93-4DFD-9C01-1B464DAB4B3B}.Release|x64.ActiveCfg = Release|x64
		{298908FB-CB93-4DFD-9C01-1B464DAB4B3B}.Release|x64.Build.0 = Release|x64
		{298908FB-CB93-4DFD-9C01-1B464DAB4B3B}.Release|x64.Deploy.0 = Release|x64
		{298908FB-CB93-4DFD-9C01-1B464DAB4B3B}.Release|x86.ActiveCfg = Release|x86
		{298908FB-CB93-4DFD-9C01-1B464DAB4B3B}.Release|x86.Build.0 = Release|x86
		{298908FB-CB93-4DFD-9C01-1B464DAB4B3B}.Release|x86.Deploy.0 = Release|x86
		{A1AE0FB1-A679-435B-BC33-CE618783485D}.Debug|Any CPU.ActiveCfg = Debug|Any CPU
		{A1AE0FB1-A679-435B-BC33-CE618783485D}.Debug|Any CPU.Build.0 = Debug|Any CPU
		{A1AE0FB1-A679-435B-BC33-CE618783485D}.Debug|ARM.ActiveCfg = Debug|Any CPU
		{A1AE0FB1-A679-435B-BC33-CE618783485D}.Debug|ARM.Build.0 = Debug|Any CPU
		{A1AE0FB1-A679-435B-BC33-CE618783485D}.Debug|ARM64.ActiveCfg = Debug|Any CPU
		{A1AE0FB1-A679-435B-BC33-CE618783485D}.Debug|ARM64.Build.0 = Debug|Any CPU
		{A1AE0FB1-A679-435B-BC33-CE618783485D}.Debug|x64.ActiveCfg = Debug|Any CPU
		{A1AE0FB1-A679-435B-BC33-CE618783485D}.Debug|x64.Build.0 = Debug|Any CPU
		{A1AE0FB1-A679-435B-BC33-CE618783485D}.Debug|x86.ActiveCfg = Debug|Any CPU
		{A1AE0FB1-A679-435B-BC33-CE618783485D}.Debug|x86.Build.0 = Debug|Any CPU
		{A1AE0FB1-A679-435B-BC33-CE618783485D}.Release|Any CPU.ActiveCfg = Release|Any CPU
		{A1AE0FB1-A679-435B-BC33-CE618783485D}.Release|Any CPU.Build.0 = Release|Any CPU
		{A1AE0FB1-A679-435B-BC33-CE618783485D}.Release|ARM.ActiveCfg = Release|Any CPU
		{A1AE0FB1-A679-435B-BC33-CE618783485D}.Release|ARM.Build.0 = Release|Any CPU
		{A1AE0FB1-A679-435B-BC33-CE618783485D}.Release|ARM64.ActiveCfg = Release|Any CPU
		{A1AE0FB1-A679-435B-BC33-CE618783485D}.Release|ARM64.Build.0 = Release|Any CPU
		{A1AE0FB1-A679-435B-BC33-CE618783485D}.Release|x64.ActiveCfg = Release|Any CPU
		{A1AE0FB1-A679-435B-BC33-CE618783485D}.Release|x64.Build.0 = Release|Any CPU
		{A1AE0FB1-A679-435B-BC33-CE618783485D}.Release|x86.ActiveCfg = Release|Any CPU
		{A1AE0FB1-A679-435B-BC33-CE618783485D}.Release|x86.Build.0 = Release|Any CPU
		{6AE6DB3D-0D69-4893-98F9-C7DE8D4CBA97}.Debug|Any CPU.ActiveCfg = Debug|Any CPU
		{6AE6DB3D-0D69-4893-98F9-C7DE8D4CBA97}.Debug|Any CPU.Build.0 = Debug|Any CPU
		{6AE6DB3D-0D69-4893-98F9-C7DE8D4CBA97}.Debug|ARM.ActiveCfg = Debug|Any CPU
		{6AE6DB3D-0D69-4893-98F9-C7DE8D4CBA97}.Debug|ARM.Build.0 = Debug|Any CPU
		{6AE6DB3D-0D69-4893-98F9-C7DE8D4CBA97}.Debug|ARM64.ActiveCfg = Debug|Any CPU
		{6AE6DB3D-0D69-4893-98F9-C7DE8D4CBA97}.Debug|ARM64.Build.0 = Debug|Any CPU
		{6AE6DB3D-0D69-4893-98F9-C7DE8D4CBA97}.Debug|x64.ActiveCfg = Debug|Any CPU
		{6AE6DB3D-0D69-4893-98F9-C7DE8D4CBA97}.Debug|x64.Build.0 = Debug|Any CPU
		{6AE6DB3D-0D69-4893-98F9-C7DE8D4CBA97}.Debug|x86.ActiveCfg = Debug|Any CPU
		{6AE6DB3D-0D69-4893-98F9-C7DE8D4CBA97}.Debug|x86.Build.0 = Debug|Any CPU
		{6AE6DB3D-0D69-4893-98F9-C7DE8D4CBA97}.Release|Any CPU.ActiveCfg = Release|Any CPU
		{6AE6DB3D-0D69-4893-98F9-C7DE8D4CBA97}.Release|Any CPU.Build.0 = Release|Any CPU
		{6AE6DB3D-0D69-4893-98F9-C7DE8D4CBA97}.Release|ARM.ActiveCfg = Release|Any CPU
		{6AE6DB3D-0D69-4893-98F9-C7DE8D4CBA97}.Release|ARM.Build.0 = Release|Any CPU
		{6AE6DB3D-0D69-4893-98F9-C7DE8D4CBA97}.Release|ARM64.ActiveCfg = Release|Any CPU
		{6AE6DB3D-0D69-4893-98F9-C7DE8D4CBA97}.Release|ARM64.Build.0 = Release|Any CPU
		{6AE6DB3D-0D69-4893-98F9-C7DE8D4CBA97}.Release|x64.ActiveCfg = Release|Any CPU
		{6AE6DB3D-0D69-4893-98F9-C7DE8D4CBA97}.Release|x64.Build.0 = Release|Any CPU
		{6AE6DB3D-0D69-4893-98F9-C7DE8D4CBA97}.Release|x86.ActiveCfg = Release|Any CPU
		{6AE6DB3D-0D69-4893-98F9-C7DE8D4CBA97}.Release|x86.Build.0 = Release|Any CPU
	EndGlobalSection
	GlobalSection(SolutionProperties) = preSolution
		HideSolutionNode = FALSE
	EndGlobalSection
	GlobalSection(ExtensibilityGlobals) = postSolution
		SolutionGuid = {F2874649-0DB6-4B13-9D59-5A2CCC2BC063}
	EndGlobalSection
EndGlobal
