
Microsoft Visual Studio Solution File, Format Version 12.00
# Visual Studio Version 16
# This solution was created by the WinTS emulator and might differ from what Visual Studio creates
VisualStudioVersion = 16.0.29123.89
MinimumVisualStudioVersion = 10.0.40219.1
Project("{9A19103F-16F7-4668-BE54-9A1E7A4F7556}") = "RibbonApp", "RibbonApp\RibbonApp.csproj", "{df2ae05b-ef04-4ff4-b9be-4a48fd3b8e1d}"
EndProject
Project("{9A19103F-16F7-4668-BE54-9A1E7A4F7556}") = "RibbonApp.Core", "RibbonApp.Core\RibbonApp.Core.csproj", "{495d11dd-b9dc-42d4-a516-c4f61d96df1e}"
EndProject
Project("{}") = "RibbonApp.Packaging", "RibbonApp.Packaging\RibbonApp.Packaging.wapproj", "{994239D5-D119-44F6-8B6B-CF726D2DAD00}"
EndProject
Global
	GlobalSection(SolutionConfigurationPlatforms) = preSolution
		Debug|Any CPU = Debug|Any CPU
		Debug|ARM = Debug|ARM
		Debug|ARM64 = Debug|ARM64
		Debug|x64 = Debug|x64
		Debug|x86 = Debug|x86
		Release|Any CPU = Release|Any CPU
		Release|ARM = Release|ARM
		Release|ARM64 = Release|ARM64
		Release|x64 = Release|x64
		Release|x86 = Release|x86
	EndGlobalSection
	GlobalSection(ProjectConfigurationPlatforms) = postSolution		
		{df2ae05b-ef04-4ff4-b9be-4a48fd3b8e1d}.Debug|Any CPU.ActiveCfg = Debug|Any CPU
		{df2ae05b-ef04-4ff4-b9be-4a48fd3b8e1d}.Debug|Any CPU.Build.0 = Debug|Any CPU
		{df2ae05b-ef04-4ff4-b9be-4a48fd3b8e1d}.Debug|ARM.ActiveCfg = Debug|Any CPU
		{df2ae05b-ef04-4ff4-b9be-4a48fd3b8e1d}.Debug|ARM.Build.0 = Debug|Any CPU
		{df2ae05b-ef04-4ff4-b9be-4a48fd3b8e1d}.Debug|ARM64.ActiveCfg = Debug|Any CPU
		{df2ae05b-ef04-4ff4-b9be-4a48fd3b8e1d}.Debug|ARM64.Build.0 = Debug|Any CPU
		{df2ae05b-ef04-4ff4-b9be-4a48fd3b8e1d}.Debug|x64.ActiveCfg = Debug|Any CPU
		{df2ae05b-ef04-4ff4-b9be-4a48fd3b8e1d}.Debug|x64.Build.0 = Debug|Any CPU
		{df2ae05b-ef04-4ff4-b9be-4a48fd3b8e1d}.Debug|x86.ActiveCfg = Debug|Any CPU
		{df2ae05b-ef04-4ff4-b9be-4a48fd3b8e1d}.Debug|x86.Build.0 = Debug|Any CPU
		{df2ae05b-ef04-4ff4-b9be-4a48fd3b8e1d}.Release|Any CPU.ActiveCfg = Release|Any CPU
		{df2ae05b-ef04-4ff4-b9be-4a48fd3b8e1d}.Release|Any CPU.Build.0 = Release|Any CPU
		{df2ae05b-ef04-4ff4-b9be-4a48fd3b8e1d}.Release|ARM.ActiveCfg = Release|Any CPU
		{df2ae05b-ef04-4ff4-b9be-4a48fd3b8e1d}.Release|ARM.Build.0 = Release|Any CPU
		{df2ae05b-ef04-4ff4-b9be-4a48fd3b8e1d}.Release|ARM64.ActiveCfg = Release|Any CPU
		{df2ae05b-ef04-4ff4-b9be-4a48fd3b8e1d}.Release|ARM64.Build.0 = Release|Any CPU
		{df2ae05b-ef04-4ff4-b9be-4a48fd3b8e1d}.Release|x64.ActiveCfg = Release|Any CPU
		{df2ae05b-ef04-4ff4-b9be-4a48fd3b8e1d}.Release|x64.Build.0 = Release|Any CPU
		{df2ae05b-ef04-4ff4-b9be-4a48fd3b8e1d}.Release|x86.ActiveCfg = Release|Any CPU
		{df2ae05b-ef04-4ff4-b9be-4a48fd3b8e1d}.Release|x86.Build.0 = Release|Any CPU
			{495d11dd-b9dc-42d4-a516-c4f61d96df1e}.Debug|Any CPU.ActiveCfg = Debug|Any CPU
		{495d11dd-b9dc-42d4-a516-c4f61d96df1e}.Debug|Any CPU.Build.0 = Debug|Any CPU
		{495d11dd-b9dc-42d4-a516-c4f61d96df1e}.Release|Any CPU.ActiveCfg = Release|Any CPU
		{495d11dd-b9dc-42d4-a516-c4f61d96df1e}.Release|Any CPU.Build.0 = Release|Any CPU
			{994239D5-D119-44F6-8B6B-CF726D2DAD00}.Debug|Any CPU.ActiveCfg = Debug|Any CPU
		{994239D5-D119-44F6-8B6B-CF726D2DAD00}.Debug|Any CPU.Build.0 = Debug|Any CPU
		{994239D5-D119-44F6-8B6B-CF726D2DAD00}.Debug|Any CPU.Deploy.0 = Debug|Any CPU
		{994239D5-D119-44F6-8B6B-CF726D2DAD00}.Debug|ARM.ActiveCfg = Debug|ARM
		{994239D5-D119-44F6-8B6B-CF726D2DAD00}.Debug|ARM.Build.0 = Debug|ARM
		{994239D5-D119-44F6-8B6B-CF726D2DAD00}.Debug|ARM.Deploy.0 = Debug|ARM
		{994239D5-D119-44F6-8B6B-CF726D2DAD00}.Debug|ARM64.ActiveCfg = Debug|ARM64
		{994239D5-D119-44F6-8B6B-CF726D2DAD00}.Debug|ARM64.Build.0 = Debug|ARM64
		{994239D5-D119-44F6-8B6B-CF726D2DAD00}.Debug|ARM64.Deploy.0 = Debug|ARM64
		{994239D5-D119-44F6-8B6B-CF726D2DAD00}.Debug|x64.ActiveCfg = Debug|x64
		{994239D5-D119-44F6-8B6B-CF726D2DAD00}.Debug|x64.Build.0 = Debug|x64
		{994239D5-D119-44F6-8B6B-CF726D2DAD00}.Debug|x64.Deploy.0 = Debug|x64
		{994239D5-D119-44F6-8B6B-CF726D2DAD00}.Debug|x86.ActiveCfg = Debug|x86
		{994239D5-D119-44F6-8B6B-CF726D2DAD00}.Debug|x86.Build.0 = Debug|x86
		{994239D5-D119-44F6-8B6B-CF726D2DAD00}.Debug|x86.Deploy.0 = Debug|x86
		{994239D5-D119-44F6-8B6B-CF726D2DAD00}.Release|Any CPU.ActiveCfg = Release|Any CPU
		{994239D5-D119-44F6-8B6B-CF726D2DAD00}.Release|Any CPU.Build.0 = Release|Any CPU
		{994239D5-D119-44F6-8B6B-CF726D2DAD00}.Release|Any CPU.Deploy.0 = Release|Any CPU
		{994239D5-D119-44F6-8B6B-CF726D2DAD00}.Release|ARM.ActiveCfg = Release|ARM
		{994239D5-D119-44F6-8B6B-CF726D2DAD00}.Release|ARM.Build.0 = Release|ARM
		{994239D5-D119-44F6-8B6B-CF726D2DAD00}.Release|ARM.Deploy.0 = Release|ARM
		{994239D5-D119-44F6-8B6B-CF726D2DAD00}.Release|ARM64.ActiveCfg = Release|ARM64
		{994239D5-D119-44F6-8B6B-CF726D2DAD00}.Release|ARM64.Build.0 = Release|ARM64
		{994239D5-D119-44F6-8B6B-CF726D2DAD00}.Release|ARM64.Deploy.0 = Release|ARM64
		{994239D5-D119-44F6-8B6B-CF726D2DAD00}.Release|x64.ActiveCfg = Release|x64
		{994239D5-D119-44F6-8B6B-CF726D2DAD00}.Release|x64.Build.0 = Release|x64
		{994239D5-D119-44F6-8B6B-CF726D2DAD00}.Release|x64.Deploy.0 = Release|x64
		{994239D5-D119-44F6-8B6B-CF726D2DAD00}.Release|x86.ActiveCfg = Release|x86
		{994239D5-D119-44F6-8B6B-CF726D2DAD00}.Release|x86.Build.0 = Release|x86
		{994239D5-D119-44F6-8B6B-CF726D2DAD00}.Release|x86.Deploy.0 = Release|x86
	EndGlobalSection
	GlobalSection(SolutionProperties) = preSolution
		HideSolutionNode = FALSE
	EndGlobalSection	
EndGlobal
