
Microsoft Visual Studio Solution File, Format Version 12.00
# Visual Studio Version 16
VisualStudioVersion = 16.0.29503.13
MinimumVisualStudioVersion = 10.0.40219.1
Project("{C7167F0D-BC9F-4E6E-AFE1-012C56B48DB5}") = "Blank.Packaging", "Blank.Packaging\Blank.Packaging.wapproj", "{CCD82F54-37B6-4583-9E27-1E94F9AE144A}"
EndProject
Project("{9A19103F-16F7-4668-BE54-9A1E7A4F7556}") = "Blank", "Blank\Blank.csproj", "{8B190860-7143-4ABA-8066-92DBE645B01F}"
EndProject
Project("{9A19103F-16F7-4668-BE54-9A1E7A4F7556}") = "Blank.Core", "Blank.Core\Blank.Core.csproj", "{E0E2B827-15AE-4C10-A16E-A8015F9F823D}"
EndProject
Global
	GlobalSection(SolutionConfigurationPlatforms) = preSolution
		Debug|Any CPU = Debug|Any CPU
		Debug|ARM = Debug|ARM
		Debug|ARM64 = Debug|ARM64
		Debug|x64 = Debug|x64
		Debug|x86 = Debug|x86
		Release|Any CPU = Release|Any CPU
		Release|ARM = Release|ARM
		Release|ARM64 = Release|ARM64
		Release|x64 = Release|x64
		Release|x86 = Release|x86
	EndGlobalSection
	GlobalSection(ProjectConfigurationPlatforms) = postSolution
		{CCD82F54-37B6-4583-9E27-1E94F9AE144A}.Debug|Any CPU.ActiveCfg = Debug|Any CPU
		{CCD82F54-37B6-4583-9E27-1E94F9AE144A}.Debug|Any CPU.Build.0 = Debug|Any CPU
		{CCD82F54-37B6-4583-9E27-1E94F9AE144A}.Debug|Any CPU.Deploy.0 = Debug|Any CPU
		{CCD82F54-37B6-4583-9E27-1E94F9AE144A}.Debug|ARM.ActiveCfg = Debug|ARM
		{CCD82F54-37B6-4583-9E27-1E94F9AE144A}.Debug|ARM.Build.0 = Debug|ARM
		{CCD82F54-37B6-4583-9E27-1E94F9AE144A}.Debug|ARM.Deploy.0 = Debug|ARM
		{CCD82F54-37B6-4583-9E27-1E94F9AE144A}.Debug|ARM64.ActiveCfg = Debug|ARM64
		{CCD82F54-37B6-4583-9E27-1E94F9AE144A}.Debug|ARM64.Build.0 = Debug|ARM64
		{CCD82F54-37B6-4583-9E27-1E94F9AE144A}.Debug|ARM64.Deploy.0 = Debug|ARM64
		{CCD82F54-37B6-4583-9E27-1E94F9AE144A}.Debug|x64.ActiveCfg = Debug|x64
		{CCD82F54-37B6-4583-9E27-1E94F9AE144A}.Debug|x64.Build.0 = Debug|x64
		{CCD82F54-37B6-4583-9E27-1E94F9AE144A}.Debug|x64.Deploy.0 = Debug|x64
		{CCD82F54-37B6-4583-9E27-1E94F9AE144A}.Debug|x86.ActiveCfg = Debug|x86
		{CCD82F54-37B6-4583-9E27-1E94F9AE144A}.Debug|x86.Build.0 = Debug|x86
		{CCD82F54-37B6-4583-9E27-1E94F9AE144A}.Debug|x86.Deploy.0 = Debug|x86
		{CCD82F54-37B6-4583-9E27-1E94F9AE144A}.Release|Any CPU.ActiveCfg = Release|Any CPU
		{CCD82F54-37B6-4583-9E27-1E94F9AE144A}.Release|Any CPU.Build.0 = Release|Any CPU
		{CCD82F54-37B6-4583-9E27-1E94F9AE144A}.Release|Any CPU.Deploy.0 = Release|Any CPU
		{CCD82F54-37B6-4583-9E27-1E94F9AE144A}.Release|ARM.ActiveCfg = Release|ARM
		{CCD82F54-37B6-4583-9E27-1E94F9AE144A}.Release|ARM.Build.0 = Release|ARM
		{CCD82F54-37B6-4583-9E27-1E94F9AE144A}.Release|ARM.Deploy.0 = Release|ARM
		{CCD82F54-37B6-4583-9E27-1E94F9AE144A}.Release|ARM64.ActiveCfg = Release|ARM64
		{CCD82F54-37B6-4583-9E27-1E94F9AE144A}.Release|ARM64.Build.0 = Release|ARM64
		{CCD82F54-37B6-4583-9E27-1E94F9AE144A}.Release|ARM64.Deploy.0 = Release|ARM64
		{CCD82F54-37B6-4583-9E27-1E94F9AE144A}.Release|x64.ActiveCfg = Release|x64
		{CCD82F54-37B6-4583-9E27-1E94F9AE144A}.Release|x64.Build.0 = Release|x64
		{CCD82F54-37B6-4583-9E27-1E94F9AE144A}.Release|x64.Deploy.0 = Release|x64
		{CCD82F54-37B6-4583-9E27-1E94F9AE144A}.Release|x86.ActiveCfg = Release|x86
		{CCD82F54-37B6-4583-9E27-1E94F9AE144A}.Release|x86.Build.0 = Release|x86
		{CCD82F54-37B6-4583-9E27-1E94F9AE144A}.Release|x86.Deploy.0 = Release|x86
		{8B190860-7143-4ABA-8066-92DBE645B01F}.Debug|Any CPU.ActiveCfg = Debug|Any CPU
		{8B190860-7143-4ABA-8066-92DBE645B01F}.Debug|Any CPU.Build.0 = Debug|Any CPU
		{8B190860-7143-4ABA-8066-92DBE645B01F}.Debug|ARM.ActiveCfg = Debug|Any CPU
		{8B190860-7143-4ABA-8066-92DBE645B01F}.Debug|ARM.Build.0 = Debug|Any CPU
		{8B190860-7143-4ABA-8066-92DBE645B01F}.Debug|ARM64.ActiveCfg = Debug|Any CPU
		{8B190860-7143-4ABA-8066-92DBE645B01F}.Debug|ARM64.Build.0 = Debug|Any CPU
		{8B190860-7143-4ABA-8066-92DBE645B01F}.Debug|x64.ActiveCfg = Debug|Any CPU
		{8B190860-7143-4ABA-8066-92DBE645B01F}.Debug|x64.Build.0 = Debug|Any CPU
		{8B190860-7143-4ABA-8066-92DBE645B01F}.Debug|x86.ActiveCfg = Debug|Any CPU
		{8B190860-7143-4ABA-8066-92DBE645B01F}.Debug|x86.Build.0 = Debug|Any CPU
		{8B190860-7143-4ABA-8066-92DBE645B01F}.Release|Any CPU.ActiveCfg = Release|Any CPU
		{8B190860-7143-4ABA-8066-92DBE645B01F}.Release|Any CPU.Build.0 = Release|Any CPU
		{8B190860-7143-4ABA-8066-92DBE645B01F}.Release|ARM.ActiveCfg = Release|Any CPU
		{8B190860-7143-4ABA-8066-92DBE645B01F}.Release|ARM.Build.0 = Release|Any CPU
		{8B190860-7143-4ABA-8066-92DBE645B01F}.Release|ARM64.ActiveCfg = Release|Any CPU
		{8B190860-7143-4ABA-8066-92DBE645B01F}.Release|ARM64.Build.0 = Release|Any CPU
		{8B190860-7143-4ABA-8066-92DBE645B01F}.Release|x64.ActiveCfg = Release|Any CPU
		{8B190860-7143-4ABA-8066-92DBE645B01F}.Release|x64.Build.0 = Release|Any CPU
		{8B190860-7143-4ABA-8066-92DBE645B01F}.Release|x86.ActiveCfg = Release|Any CPU
		{8B190860-7143-4ABA-8066-92DBE645B01F}.Release|x86.Build.0 = Release|Any CPU
		{E0E2B827-15AE-4C10-A16E-A8015F9F823D}.Debug|Any CPU.ActiveCfg = Debug|Any CPU
		{E0E2B827-15AE-4C10-A16E-A8015F9F823D}.Debug|Any CPU.Build.0 = Debug|Any CPU
		{E0E2B827-15AE-4C10-A16E-A8015F9F823D}.Debug|ARM.ActiveCfg = Debug|Any CPU
		{E0E2B827-15AE-4C10-A16E-A8015F9F823D}.Debug|ARM.Build.0 = Debug|Any CPU
		{E0E2B827-15AE-4C10-A16E-A8015F9F823D}.Debug|ARM64.ActiveCfg = Debug|Any CPU
		{E0E2B827-15AE-4C10-A16E-A8015F9F823D}.Debug|ARM64.Build.0 = Debug|Any CPU
		{E0E2B827-15AE-4C10-A16E-A8015F9F823D}.Debug|x64.ActiveCfg = Debug|Any CPU
		{E0E2B827-15AE-4C10-A16E-A8015F9F823D}.Debug|x64.Build.0 = Debug|Any CPU
		{E0E2B827-15AE-4C10-A16E-A8015F9F823D}.Debug|x86.ActiveCfg = Debug|Any CPU
		{E0E2B827-15AE-4C10-A16E-A8015F9F823D}.Debug|x86.Build.0 = Debug|Any CPU
		{E0E2B827-15AE-4C10-A16E-A8015F9F823D}.Release|Any CPU.ActiveCfg = Release|Any CPU
		{E0E2B827-15AE-4C10-A16E-A8015F9F823D}.Release|Any CPU.Build.0 = Release|Any CPU
		{E0E2B827-15AE-4C10-A16E-A8015F9F823D}.Release|ARM.ActiveCfg = Release|Any CPU
		{E0E2B827-15AE-4C10-A16E-A8015F9F823D}.Release|ARM.Build.0 = Release|Any CPU
		{E0E2B827-15AE-4C10-A16E-A8015F9F823D}.Release|ARM64.ActiveCfg = Release|Any CPU
		{E0E2B827-15AE-4C10-A16E-A8015F9F823D}.Release|ARM64.Build.0 = Release|Any CPU
		{E0E2B827-15AE-4C10-A16E-A8015F9F823D}.Release|x64.ActiveCfg = Release|Any CPU
		{E0E2B827-15AE-4C10-A16E-A8015F9F823D}.Release|x64.Build.0 = Release|Any CPU
		{E0E2B827-15AE-4C10-A16E-A8015F9F823D}.Release|x86.ActiveCfg = Release|Any CPU
		{E0E2B827-15AE-4C10-A16E-A8015F9F823D}.Release|x86.Build.0 = Release|Any CPU
	EndGlobalSection
	GlobalSection(SolutionProperties) = preSolution
		HideSolutionNode = FALSE
	EndGlobalSection
	GlobalSection(ExtensibilityGlobals) = postSolution
		SolutionGuid = {2B38B5C6-7919-46A9-81B3-113B04BE6A8A}
	EndGlobalSection
EndGlobal
